// !$*UTF8*$!
{
	archiveVersion = 1;
	classes = {
	};
	objectVersion = 46;
	objects = {

/* Begin PBXBuildFile section */
		1A208B771E3781FD00B5DFEF /* Model.m in Sources */ = {isa = PBXBuildFile; fileRef = 1A208B711E3781FD00B5DFEF /* Model.m */; };
		1A208B781E3781FD00B5DFEF /* HttpManager.m in Sources */ = {isa = PBXBuildFile; fileRef = 1A208B741E3781FD00B5DFEF /* HttpManager.m */; };
		1A208B791E3781FD00B5DFEF /* MessageManager.m in Sources */ = {isa = PBXBuildFile; fileRef = 1A208B761E3781FD00B5DFEF /* MessageManager.m */; };
		1A208B7D1E37831500B5DFEF /* NSDictionary+Additions.m in Sources */ = {isa = PBXBuildFile; fileRef = 1A208B7C1E37831500B5DFEF /* NSDictionary+Additions.m */; };
		1A208B801E37866000B5DFEF /* BaseModel.m in Sources */ = {isa = PBXBuildFile; fileRef = 1A208B7F1E37866000B5DFEF /* BaseModel.m */; };
		1A7777B31B79C8C500077031 /* main.m in Sources */ = {isa = PBXBuildFile; fileRef = 1A7777B21B79C8C500077031 /* main.m */; };
		1A7777B61B79C8C500077031 /* AppDelegate.m in Sources */ = {isa = PBXBuildFile; fileRef = 1A7777B51B79C8C500077031 /* AppDelegate.m */; };
		1A7777BE1B79C8C600077031 /* Images.xcassets in Resources */ = {isa = PBXBuildFile; fileRef = 1A7777BD1B79C8C600077031 /* Images.xcassets */; };
		1A7777CD1B79C8C600077031 /* AliPayDemoTests.m in Sources */ = {isa = PBXBuildFile; fileRef = 1A7777CC1B79C8C600077031 /* AliPayDemoTests.m */; };
		1A7777D91B79C90E00077031 /* AlipaySDK.bundle in Resources */ = {isa = PBXBuildFile; fileRef = 1A7777D71B79C90E00077031 /* AlipaySDK.bundle */; };
		1A7777DA1B79C90E00077031 /* AlipaySDK.framework in Frameworks */ = {isa = PBXBuildFile; fileRef = 1A7777D81B79C90E00077031 /* AlipaySDK.framework */; };
		1A7777DD1B79C91800077031 /* libcrypto.a in Frameworks */ = {isa = PBXBuildFile; fileRef = 1A7777DB1B79C91800077031 /* libcrypto.a */; };
		1A7777DE1B79C91800077031 /* libssl.a in Frameworks */ = {isa = PBXBuildFile; fileRef = 1A7777DC1B79C91800077031 /* libssl.a */; };
		1A7777E01B79C93800077031 /* SystemConfiguration.framework in Frameworks */ = {isa = PBXBuildFile; fileRef = 1A7777DF1B79C93800077031 /* SystemConfiguration.framework */; };
		1A7777E21B79C94100077031 /* CoreTelephony.framework in Frameworks */ = {isa = PBXBuildFile; fileRef = 1A7777E11B79C94100077031 /* CoreTelephony.framework */; };
		1A7777E41B79C94A00077031 /* QuartzCore.framework in Frameworks */ = {isa = PBXBuildFile; fileRef = 1A7777E31B79C94A00077031 /* QuartzCore.framework */; };
		1A7777E61B79C95E00077031 /* libz.dylib in Frameworks */ = {isa = PBXBuildFile; fileRef = 1A7777E51B79C95E00077031 /* libz.dylib */; };
		1A7777E81B79C96600077031 /* CoreText.framework in Frameworks */ = {isa = PBXBuildFile; fileRef = 1A7777E71B79C96600077031 /* CoreText.framework */; };
		1A7777EA1B79C97100077031 /* CoreGraphics.framework in Frameworks */ = {isa = PBXBuildFile; fileRef = 1A7777E91B79C97100077031 /* CoreGraphics.framework */; };
		1A7777EC1B79C98200077031 /* UIKit.framework in Frameworks */ = {isa = PBXBuildFile; fileRef = 1A7777EB1B79C98200077031 /* UIKit.framework */; };
		1A7777EE1B79C98B00077031 /* Foundation.framework in Frameworks */ = {isa = PBXBuildFile; fileRef = 1A7777ED1B79C98B00077031 /* Foundation.framework */; };
		1A7777F21B79CC6000077031 /* ViewController.m in Sources */ = {isa = PBXBuildFile; fileRef = 1A7777F11B79CC6000077031 /* ViewController.m */; };
		1A7778091B79CE7100077031 /* AFHTTPSessionManager.m in Sources */ = {isa = PBXBuildFile; fileRef = 1A7777F91B79CE7100077031 /* AFHTTPSessionManager.m */; };
		1A77780A1B79CE7100077031 /* AFNetworkReachabilityManager.m in Sources */ = {isa = PBXBuildFile; fileRef = 1A7777FC1B79CE7100077031 /* AFNetworkReachabilityManager.m */; };
		1A77780B1B79CE7100077031 /* AFSecurityPolicy.m in Sources */ = {isa = PBXBuildFile; fileRef = 1A7777FE1B79CE7100077031 /* AFSecurityPolicy.m */; };
		1A77780D1B79CE7100077031 /* AFURLRequestSerialization.m in Sources */ = {isa = PBXBuildFile; fileRef = 1A7778021B79CE7100077031 /* AFURLRequestSerialization.m */; };
		1A77780E1B79CE7100077031 /* AFURLResponseSerialization.m in Sources */ = {isa = PBXBuildFile; fileRef = 1A7778041B79CE7100077031 /* AFURLResponseSerialization.m */; };
		1A77780F1B79CE7100077031 /* AFURLSessionManager.m in Sources */ = {isa = PBXBuildFile; fileRef = 1A7778061B79CE7100077031 /* AFURLSessionManager.m */; };
		1AB1AB7D1E3DA79E00E786D7 /* FMDatabase.m in Sources */ = {isa = PBXBuildFile; fileRef = 1AB1AB731E3DA79E00E786D7 /* FMDatabase.m */; };
		1AB1AB7E1E3DA79E00E786D7 /* FMDatabaseAdditions.m in Sources */ = {isa = PBXBuildFile; fileRef = 1AB1AB751E3DA79E00E786D7 /* FMDatabaseAdditions.m */; };
		1AB1AB7F1E3DA79E00E786D7 /* FMDatabasePool.m in Sources */ = {isa = PBXBuildFile; fileRef = 1AB1AB771E3DA79E00E786D7 /* FMDatabasePool.m */; };
		1AB1AB801E3DA79E00E786D7 /* FMDatabaseQueue.m in Sources */ = {isa = PBXBuildFile; fileRef = 1AB1AB791E3DA79E00E786D7 /* FMDatabaseQueue.m */; };
		1AB1AB811E3DA79E00E786D7 /* FMResultSet.m in Sources */ = {isa = PBXBuildFile; fileRef = 1AB1AB7C1E3DA79E00E786D7 /* FMResultSet.m */; };
		1AB1AB841E3DA86C00E786D7 /* BaseData.m in Sources */ = {isa = PBXBuildFile; fileRef = 1AB1AB831E3DA86C00E786D7 /* BaseData.m */; };
		1AB1AB871E3DAABD00E786D7 /* libsqlite3.tbd in Frameworks */ = {isa = PBXBuildFile; fileRef = 1AB1AB861E3DAABD00E786D7 /* libsqlite3.tbd */; };
		1AB1AB8A1E3DB3C800E786D7 /* DataBaseHelp.m in Sources */ = {isa = PBXBuildFile; fileRef = 1AB1AB891E3DB3C800E786D7 /* DataBaseHelp.m */; };
		1AC21D611B7DE5A800A7C0D5 /* LaunchScreen.xib in Resources */ = {isa = PBXBuildFile; fileRef = 1AC21D601B7DE5A800A7C0D5 /* LaunchScreen.xib */; };
/* End PBXBuildFile section */

/* Begin PBXContainerItemProxy section */
		1A7777C71B79C8C600077031 /* PBXContainerItemProxy */ = {
			isa = PBXContainerItemProxy;
			containerPortal = 1A7777A51B79C8C500077031 /* Project object */;
			proxyType = 1;
			remoteGlobalIDString = 1A7777AC1B79C8C500077031;
			remoteInfo = AliPayDemo;
		};
/* End PBXContainerItemProxy section */

/* Begin PBXFileReference section */
		1A208B701E3781FD00B5DFEF /* Model.h */ = {isa = PBXFileReference; fileEncoding = 4; lastKnownFileType = sourcecode.c.h; path = Model.h; sourceTree = "<group>"; };
		1A208B711E3781FD00B5DFEF /* Model.m */ = {isa = PBXFileReference; fileEncoding = 4; lastKnownFileType = sourcecode.c.objc; path = Model.m; sourceTree = "<group>"; };
		1A208B731E3781FD00B5DFEF /* HttpManager.h */ = {isa = PBXFileReference; fileEncoding = 4; lastKnownFileType = sourcecode.c.h; path = HttpManager.h; sourceTree = "<group>"; };
		1A208B741E3781FD00B5DFEF /* HttpManager.m */ = {isa = PBXFileReference; fileEncoding = 4; lastKnownFileType = sourcecode.c.objc; path = HttpManager.m; sourceTree = "<group>"; };
		1A208B751E3781FD00B5DFEF /* MessageManager.h */ = {isa = PBXFileReference; fileEncoding = 4; lastKnownFileType = sourcecode.c.h; path = MessageManager.h; sourceTree = "<group>"; };
		1A208B761E3781FD00B5DFEF /* MessageManager.m */ = {isa = PBXFileReference; fileEncoding = 4; lastKnownFileType = sourcecode.c.objc; path = MessageManager.m; sourceTree = "<group>"; };
		1A208B7B1E37831500B5DFEF /* NSDictionary+Additions.h */ = {isa = PBXFileReference; fileEncoding = 4; lastKnownFileType = sourcecode.c.h; path = "NSDictionary+Additions.h"; sourceTree = "<group>"; };
		1A208B7C1E37831500B5DFEF /* NSDictionary+Additions.m */ = {isa = PBXFileReference; fileEncoding = 4; lastKnownFileType = sourcecode.c.objc; path = "NSDictionary+Additions.m"; sourceTree = "<group>"; };
		1A208B7E1E37866000B5DFEF /* BaseModel.h */ = {isa = PBXFileReference; fileEncoding = 4; lastKnownFileType = sourcecode.c.h; path = BaseModel.h; sourceTree = "<group>"; };
		1A208B7F1E37866000B5DFEF /* BaseModel.m */ = {isa = PBXFileReference; fileEncoding = 4; lastKnownFileType = sourcecode.c.objc; path = BaseModel.m; sourceTree = "<group>"; };
		1A7777AD1B79C8C500077031 /* AliPayDemo.app */ = {isa = PBXFileReference; explicitFileType = wrapper.application; includeInIndex = 0; path = AliPayDemo.app; sourceTree = BUILT_PRODUCTS_DIR; };
		1A7777B11B79C8C500077031 /* Info.plist */ = {isa = PBXFileReference; lastKnownFileType = text.plist.xml; path = Info.plist; sourceTree = "<group>"; };
		1A7777B21B79C8C500077031 /* main.m */ = {isa = PBXFileReference; lastKnownFileType = sourcecode.c.objc; path = main.m; sourceTree = "<group>"; };
		1A7777B41B79C8C500077031 /* AppDelegate.h */ = {isa = PBXFileReference; lastKnownFileType = sourcecode.c.h; path = AppDelegate.h; sourceTree = "<group>"; };
		1A7777B51B79C8C500077031 /* AppDelegate.m */ = {isa = PBXFileReference; lastKnownFileType = sourcecode.c.objc; path = AppDelegate.m; sourceTree = "<group>"; };
		1A7777BD1B79C8C600077031 /* Images.xcassets */ = {isa = PBXFileReference; lastKnownFileType = folder.assetcatalog; path = Images.xcassets; sourceTree = "<group>"; };
		1A7777C61B79C8C600077031 /* AliPayDemoTests.xctest */ = {isa = PBXFileReference; explicitFileType = wrapper.cfbundle; includeInIndex = 0; path = AliPayDemoTests.xctest; sourceTree = BUILT_PRODUCTS_DIR; };
		1A7777CB1B79C8C600077031 /* Info.plist */ = {isa = PBXFileReference; lastKnownFileType = text.plist.xml; path = Info.plist; sourceTree = "<group>"; };
		1A7777CC1B79C8C600077031 /* AliPayDemoTests.m */ = {isa = PBXFileReference; lastKnownFileType = sourcecode.c.objc; path = AliPayDemoTests.m; sourceTree = "<group>"; };
		1A7777D71B79C90E00077031 /* AlipaySDK.bundle */ = {isa = PBXFileReference; lastKnownFileType = "wrapper.plug-in"; path = AlipaySDK.bundle; sourceTree = "<group>"; };
		1A7777D81B79C90E00077031 /* AlipaySDK.framework */ = {isa = PBXFileReference; lastKnownFileType = wrapper.framework; path = AlipaySDK.framework; sourceTree = "<group>"; };
		1A7777DB1B79C91800077031 /* libcrypto.a */ = {isa = PBXFileReference; lastKnownFileType = archive.ar; path = libcrypto.a; sourceTree = "<group>"; };
		1A7777DC1B79C91800077031 /* libssl.a */ = {isa = PBXFileReference; lastKnownFileType = archive.ar; path = libssl.a; sourceTree = "<group>"; };
		1A7777DF1B79C93800077031 /* SystemConfiguration.framework */ = {isa = PBXFileReference; lastKnownFileType = wrapper.framework; name = SystemConfiguration.framework; path = System/Library/Frameworks/SystemConfiguration.framework; sourceTree = SDKROOT; };
		1A7777E11B79C94100077031 /* CoreTelephony.framework */ = {isa = PBXFileReference; lastKnownFileType = wrapper.framework; name = CoreTelephony.framework; path = System/Library/Frameworks/CoreTelephony.framework; sourceTree = SDKROOT; };
		1A7777E31B79C94A00077031 /* QuartzCore.framework */ = {isa = PBXFileReference; lastKnownFileType = wrapper.framework; name = QuartzCore.framework; path = System/Library/Frameworks/QuartzCore.framework; sourceTree = SDKROOT; };
		1A7777E51B79C95E00077031 /* libz.dylib */ = {isa = PBXFileReference; lastKnownFileType = "compiled.mach-o.dylib"; name = libz.dylib; path = usr/lib/libz.dylib; sourceTree = SDKROOT; };
		1A7777E71B79C96600077031 /* CoreText.framework */ = {isa = PBXFileReference; lastKnownFileType = wrapper.framework; name = CoreText.framework; path = System/Library/Frameworks/CoreText.framework; sourceTree = SDKROOT; };
		1A7777E91B79C97100077031 /* CoreGraphics.framework */ = {isa = PBXFileReference; lastKnownFileType = wrapper.framework; name = CoreGraphics.framework; path = System/Library/Frameworks/CoreGraphics.framework; sourceTree = SDKROOT; };
		1A7777EB1B79C98200077031 /* UIKit.framework */ = {isa = PBXFileReference; lastKnownFileType = wrapper.framework; name = UIKit.framework; path = System/Library/Frameworks/UIKit.framework; sourceTree = SDKROOT; };
		1A7777ED1B79C98B00077031 /* Foundation.framework */ = {isa = PBXFileReference; lastKnownFileType = wrapper.framework; name = Foundation.framework; path = System/Library/Frameworks/Foundation.framework; sourceTree = SDKROOT; };
		1A7777EF1B79C9A900077031 /* AliPayDemo.pch */ = {isa = PBXFileReference; fileEncoding = 4; lastKnownFileType = sourcecode.c.h; path = AliPayDemo.pch; sourceTree = "<group>"; };
		1A7777F01B79CC6000077031 /* ViewController.h */ = {isa = PBXFileReference; fileEncoding = 4; lastKnownFileType = sourcecode.c.h; path = ViewController.h; sourceTree = "<group>"; };
		1A7777F11B79CC6000077031 /* ViewController.m */ = {isa = PBXFileReference; fileEncoding = 4; lastKnownFileType = sourcecode.c.objc; path = ViewController.m; sourceTree = "<group>"; };
		1A7777F81B79CE7100077031 /* AFHTTPSessionManager.h */ = {isa = PBXFileReference; fileEncoding = 4; lastKnownFileType = sourcecode.c.h; path = AFHTTPSessionManager.h; sourceTree = "<group>"; };
		1A7777F91B79CE7100077031 /* AFHTTPSessionManager.m */ = {isa = PBXFileReference; fileEncoding = 4; lastKnownFileType = sourcecode.c.objc; path = AFHTTPSessionManager.m; sourceTree = "<group>"; };
		1A7777FA1B79CE7100077031 /* AFNetworking.h */ = {isa = PBXFileReference; fileEncoding = 4; lastKnownFileType = sourcecode.c.h; path = AFNetworking.h; sourceTree = "<group>"; };
		1A7777FB1B79CE7100077031 /* AFNetworkReachabilityManager.h */ = {isa = PBXFileReference; fileEncoding = 4; lastKnownFileType = sourcecode.c.h; path = AFNetworkReachabilityManager.h; sourceTree = "<group>"; };
		1A7777FC1B79CE7100077031 /* AFNetworkReachabilityManager.m */ = {isa = PBXFileReference; fileEncoding = 4; lastKnownFileType = sourcecode.c.objc; path = AFNetworkReachabilityManager.m; sourceTree = "<group>"; };
		1A7777FD1B79CE7100077031 /* AFSecurityPolicy.h */ = {isa = PBXFileReference; fileEncoding = 4; lastKnownFileType = sourcecode.c.h; path = AFSecurityPolicy.h; sourceTree = "<group>"; };
		1A7777FE1B79CE7100077031 /* AFSecurityPolicy.m */ = {isa = PBXFileReference; fileEncoding = 4; lastKnownFileType = sourcecode.c.objc; path = AFSecurityPolicy.m; sourceTree = "<group>"; };
		1A7778011B79CE7100077031 /* AFURLRequestSerialization.h */ = {isa = PBXFileReference; fileEncoding = 4; lastKnownFileType = sourcecode.c.h; path = AFURLRequestSerialization.h; sourceTree = "<group>"; };
		1A7778021B79CE7100077031 /* AFURLRequestSerialization.m */ = {isa = PBXFileReference; fileEncoding = 4; lastKnownFileType = sourcecode.c.objc; path = AFURLRequestSerialization.m; sourceTree = "<group>"; };
		1A7778031B79CE7100077031 /* AFURLResponseSerialization.h */ = {isa = PBXFileReference; fileEncoding = 4; lastKnownFileType = sourcecode.c.h; path = AFURLResponseSerialization.h; sourceTree = "<group>"; };
		1A7778041B79CE7100077031 /* AFURLResponseSerialization.m */ = {isa = PBXFileReference; fileEncoding = 4; lastKnownFileType = sourcecode.c.objc; path = AFURLResponseSerialization.m; sourceTree = "<group>"; };
		1A7778051B79CE7100077031 /* AFURLSessionManager.h */ = {isa = PBXFileReference; fileEncoding = 4; lastKnownFileType = sourcecode.c.h; path = AFURLSessionManager.h; sourceTree = "<group>"; };
		1A7778061B79CE7100077031 /* AFURLSessionManager.m */ = {isa = PBXFileReference; fileEncoding = 4; lastKnownFileType = sourcecode.c.objc; path = AFURLSessionManager.m; sourceTree = "<group>"; };
		1AB1AB721E3DA79E00E786D7 /* FMDatabase.h */ = {isa = PBXFileReference; fileEncoding = 4; lastKnownFileType = sourcecode.c.h; path = FMDatabase.h; sourceTree = "<group>"; };
		1AB1AB731E3DA79E00E786D7 /* FMDatabase.m */ = {isa = PBXFileReference; fileEncoding = 4; lastKnownFileType = sourcecode.c.objc; path = FMDatabase.m; sourceTree = "<group>"; };
		1AB1AB741E3DA79E00E786D7 /* FMDatabaseAdditions.h */ = {isa = PBXFileReference; fileEncoding = 4; lastKnownFileType = sourcecode.c.h; path = FMDatabaseAdditions.h; sourceTree = "<group>"; };
		1AB1AB751E3DA79E00E786D7 /* FMDatabaseAdditions.m */ = {isa = PBXFileReference; fileEncoding = 4; lastKnownFileType = sourcecode.c.objc; path = FMDatabaseAdditions.m; sourceTree = "<group>"; };
		1AB1AB761E3DA79E00E786D7 /* FMDatabasePool.h */ = {isa = PBXFileReference; fileEncoding = 4; lastKnownFileType = sourcecode.c.h; path = FMDatabasePool.h; sourceTree = "<group>"; };
		1AB1AB771E3DA79E00E786D7 /* FMDatabasePool.m */ = {isa = PBXFileReference; fileEncoding = 4; lastKnownFileType = sourcecode.c.objc; path = FMDatabasePool.m; sourceTree = "<group>"; };
		1AB1AB781E3DA79E00E786D7 /* FMDatabaseQueue.h */ = {isa = PBXFileReference; fileEncoding = 4; lastKnownFileType = sourcecode.c.h; path = FMDatabaseQueue.h; sourceTree = "<group>"; };
		1AB1AB791E3DA79E00E786D7 /* FMDatabaseQueue.m */ = {isa = PBXFileReference; fileEncoding = 4; lastKnownFileType = sourcecode.c.objc; path = FMDatabaseQueue.m; sourceTree = "<group>"; };
		1AB1AB7A1E3DA79E00E786D7 /* FMDB.h */ = {isa = PBXFileReference; fileEncoding = 4; lastKnownFileType = sourcecode.c.h; path = FMDB.h; sourceTree = "<group>"; };
		1AB1AB7B1E3DA79E00E786D7 /* FMResultSet.h */ = {isa = PBXFileReference; fileEncoding = 4; lastKnownFileType = sourcecode.c.h; path = FMResultSet.h; sourceTree = "<group>"; };
		1AB1AB7C1E3DA79E00E786D7 /* FMResultSet.m */ = {isa = PBXFileReference; fileEncoding = 4; lastKnownFileType = sourcecode.c.objc; path = FMResultSet.m; sourceTree = "<group>"; };
		1AB1AB821E3DA86C00E786D7 /* BaseData.h */ = {isa = PBXFileReference; fileEncoding = 4; lastKnownFileType = sourcecode.c.h; path = BaseData.h; sourceTree = "<group>"; };
		1AB1AB831E3DA86C00E786D7 /* BaseData.m */ = {isa = PBXFileReference; fileEncoding = 4; lastKnownFileType = sourcecode.c.objc; path = BaseData.m; sourceTree = "<group>"; };
		1AB1AB861E3DAABD00E786D7 /* libsqlite3.tbd */ = {isa = PBXFileReference; lastKnownFileType = "sourcecode.text-based-dylib-definition"; name = libsqlite3.tbd; path = usr/lib/libsqlite3.tbd; sourceTree = SDKROOT; };
		1AB1AB881E3DB3C800E786D7 /* DataBaseHelp.h */ = {isa = PBXFileReference; fileEncoding = 4; lastKnownFileType = sourcecode.c.h; path = DataBaseHelp.h; sourceTree = "<group>"; };
		1AB1AB891E3DB3C800E786D7 /* DataBaseHelp.m */ = {isa = PBXFileReference; fileEncoding = 4; lastKnownFileType = sourcecode.c.objc; path = DataBaseHelp.m; sourceTree = "<group>"; };
		1AC21D601B7DE5A800A7C0D5 /* LaunchScreen.xib */ = {isa = PBXFileReference; fileEncoding = 4; lastKnownFileType = file.xib; path = LaunchScreen.xib; sourceTree = "<group>"; };
/* End PBXFileReference section */

/* Begin PBXFrameworksBuildPhase section */
		1A7777AA1B79C8C500077031 /* Frameworks */ = {
			isa = PBXFrameworksBuildPhase;
			buildActionMask = 2147483647;
			files = (
				1AB1AB871E3DAABD00E786D7 /* libsqlite3.tbd in Frameworks */,
				1A7777EE1B79C98B00077031 /* Foundation.framework in Frameworks */,
				1A7777EC1B79C98200077031 /* UIKit.framework in Frameworks */,
				1A7777EA1B79C97100077031 /* CoreGraphics.framework in Frameworks */,
				1A7777E81B79C96600077031 /* CoreText.framework in Frameworks */,
				1A7777E61B79C95E00077031 /* libz.dylib in Frameworks */,
				1A7777E41B79C94A00077031 /* QuartzCore.framework in Frameworks */,
				1A7777E21B79C94100077031 /* CoreTelephony.framework in Frameworks */,
				1A7777E01B79C93800077031 /* SystemConfiguration.framework in Frameworks */,
				1A7777DD1B79C91800077031 /* libcrypto.a in Frameworks */,
				1A7777DA1B79C90E00077031 /* AlipaySDK.framework in Frameworks */,
				1A7777DE1B79C91800077031 /* libssl.a in Frameworks */,
			);
			runOnlyForDeploymentPostprocessing = 0;
		};
		1A7777C31B79C8C600077031 /* Frameworks */ = {
			isa = PBXFrameworksBuildPhase;
			buildActionMask = 2147483647;
			files = (
			);
			runOnlyForDeploymentPostprocessing = 0;
		};
/* End PBXFrameworksBuildPhase section */

/* Begin PBXGroup section */
		1A208B6F1E3781FD00B5DFEF /* Model */ = {
			isa = PBXGroup;
			children = (
				1A208B701E3781FD00B5DFEF /* Model.h */,
				1A208B711E3781FD00B5DFEF /* Model.m */,
				1A208B7B1E37831500B5DFEF /* NSDictionary+Additions.h */,
				1A208B7C1E37831500B5DFEF /* NSDictionary+Additions.m */,
				1A208B7E1E37866000B5DFEF /* BaseModel.h */,
				1A208B7F1E37866000B5DFEF /* BaseModel.m */,
			);
			path = Model;
			sourceTree = "<group>";
		};
		1A208B721E3781FD00B5DFEF /* Networking */ = {
			isa = PBXGroup;
			children = (
				1A208B731E3781FD00B5DFEF /* HttpManager.h */,
				1A208B741E3781FD00B5DFEF /* HttpManager.m */,
				1A208B751E3781FD00B5DFEF /* MessageManager.h */,
				1A208B761E3781FD00B5DFEF /* MessageManager.m */,
			);
			path = Networking;
			sourceTree = "<group>";
		};
		1A7777A41B79C8C500077031 = {
			isa = PBXGroup;
			children = (
				1A7777ED1B79C98B00077031 /* Foundation.framework */,
				1A7777EB1B79C98200077031 /* UIKit.framework */,
				1A7777E91B79C97100077031 /* CoreGraphics.framework */,
				1A7777E71B79C96600077031 /* CoreText.framework */,
				1A7777E51B79C95E00077031 /* libz.dylib */,
				1A7777E31B79C94A00077031 /* QuartzCore.framework */,
				1A7777E11B79C94100077031 /* CoreTelephony.framework */,
				1A7777DF1B79C93800077031 /* SystemConfiguration.framework */,
				1A7777AF1B79C8C500077031 /* AliPayDemo */,
				1A7777C91B79C8C600077031 /* AliPayDemoTests */,
				1A7777AE1B79C8C500077031 /* Products */,
				1AB1AB851E3DAABC00E786D7 /* Frameworks */,
			);
			sourceTree = "<group>";
		};
		1A7777AE1B79C8C500077031 /* Products */ = {
			isa = PBXGroup;
			children = (
				1A7777AD1B79C8C500077031 /* AliPayDemo.app */,
				1A7777C61B79C8C600077031 /* AliPayDemoTests.xctest */,
			);
			name = Products;
			sourceTree = "<group>";
		};
		1A7777AF1B79C8C500077031 /* AliPayDemo */ = {
			isa = PBXGroup;
			children = (
				1A7777F31B79CE7100077031 /* AFNetworking */,
				1A208B6F1E3781FD00B5DFEF /* Model */,
				1A208B721E3781FD00B5DFEF /* Networking */,
				1AB1AB701E3D996F00E786D7 /* DataBase */,
				1AB1AB711E3DA78300E786D7 /* FMDB */,
				1A7777B41B79C8C500077031 /* AppDelegate.h */,
				1A7777B51B79C8C500077031 /* AppDelegate.m */,
				1A7777F01B79CC6000077031 /* ViewController.h */,
				1A7777F11B79CC6000077031 /* ViewController.m */,
				1A7777BD1B79C8C600077031 /* Images.xcassets */,
				1AC21D601B7DE5A800A7C0D5 /* LaunchScreen.xib */,
				1A7777B01B79C8C500077031 /* Supporting Files */,
			);
			path = AliPayDemo;
			sourceTree = "<group>";
		};
		1A7777B01B79C8C500077031 /* Supporting Files */ = {
			isa = PBXGroup;
			children = (
				1A7777DB1B79C91800077031 /* libcrypto.a */,
				1A7777DC1B79C91800077031 /* libssl.a */,
				1A7777D71B79C90E00077031 /* AlipaySDK.bundle */,
				1A7777D81B79C90E00077031 /* AlipaySDK.framework */,
				1A7777B11B79C8C500077031 /* Info.plist */,
				1A7777B21B79C8C500077031 /* main.m */,
				1A7777EF1B79C9A900077031 /* AliPayDemo.pch */,
			);
			name = "Supporting Files";
			sourceTree = "<group>";
		};
		1A7777C91B79C8C600077031 /* AliPayDemoTests */ = {
			isa = PBXGroup;
			children = (
				1A7777CC1B79C8C600077031 /* AliPayDemoTests.m */,
				1A7777CA1B79C8C600077031 /* Supporting Files */,
			);
			path = AliPayDemoTests;
			sourceTree = "<group>";
		};
		1A7777CA1B79C8C600077031 /* Supporting Files */ = {
			isa = PBXGroup;
			children = (
				1A7777CB1B79C8C600077031 /* Info.plist */,
			);
			name = "Supporting Files";
			sourceTree = "<group>";
		};
		1A7777F31B79CE7100077031 /* AFNetworking */ = {
			isa = PBXGroup;
			children = (
				1A7777F81B79CE7100077031 /* AFHTTPSessionManager.h */,
				1A7777F91B79CE7100077031 /* AFHTTPSessionManager.m */,
				1A7777FA1B79CE7100077031 /* AFNetworking.h */,
				1A7777FB1B79CE7100077031 /* AFNetworkReachabilityManager.h */,
				1A7777FC1B79CE7100077031 /* AFNetworkReachabilityManager.m */,
				1A7777FD1B79CE7100077031 /* AFSecurityPolicy.h */,
				1A7777FE1B79CE7100077031 /* AFSecurityPolicy.m */,
				1A7778011B79CE7100077031 /* AFURLRequestSerialization.h */,
				1A7778021B79CE7100077031 /* AFURLRequestSerialization.m */,
				1A7778031B79CE7100077031 /* AFURLResponseSerialization.h */,
				1A7778041B79CE7100077031 /* AFURLResponseSerialization.m */,
				1A7778051B79CE7100077031 /* AFURLSessionManager.h */,
				1A7778061B79CE7100077031 /* AFURLSessionManager.m */,
			);
			path = AFNetworking;
			sourceTree = "<group>";
		};
		1AB1AB701E3D996F00E786D7 /* DataBase */ = {
			isa = PBXGroup;
			children = (
				1AB1AB821E3DA86C00E786D7 /* BaseData.h */,
				1AB1AB831E3DA86C00E786D7 /* BaseData.m */,
				1AB1AB881E3DB3C800E786D7 /* DataBaseHelp.h */,
				1AB1AB891E3DB3C800E786D7 /* DataBaseHelp.m */,
			);
			path = DataBase;
			sourceTree = "<group>";
		};
		1AB1AB711E3DA78300E786D7 /* FMDB */ = {
			isa = PBXGroup;
			children = (
				1AB1AB721E3DA79E00E786D7 /* FMDatabase.h */,
				1AB1AB731E3DA79E00E786D7 /* FMDatabase.m */,
				1AB1AB741E3DA79E00E786D7 /* FMDatabaseAdditions.h */,
				1AB1AB751E3DA79E00E786D7 /* FMDatabaseAdditions.m */,
				1AB1AB761E3DA79E00E786D7 /* FMDatabasePool.h */,
				1AB1AB771E3DA79E00E786D7 /* FMDatabasePool.m */,
				1AB1AB781E3DA79E00E786D7 /* FMDatabaseQueue.h */,
				1AB1AB791E3DA79E00E786D7 /* FMDatabaseQueue.m */,
				1AB1AB7A1E3DA79E00E786D7 /* FMDB.h */,
				1AB1AB7B1E3DA79E00E786D7 /* FMResultSet.h */,
				1AB1AB7C1E3DA79E00E786D7 /* FMResultSet.m */,
			);
			path = FMDB;
			sourceTree = "<group>";
		};
		1AB1AB851E3DAABC00E786D7 /* Frameworks */ = {
			isa = PBXGroup;
			children = (
				1AB1AB861E3DAABD00E786D7 /* libsqlite3.tbd */,
			);
			name = Frameworks;
			sourceTree = "<group>";
		};
/* End PBXGroup section */

/* Begin PBXNativeTarget section */
		1A7777AC1B79C8C500077031 /* AliPayDemo */ = {
			isa = PBXNativeTarget;
			buildConfigurationList = 1A7777D01B79C8C600077031 /* Build configuration list for PBXNativeTarget "AliPayDemo" */;
			buildPhases = (
				1A7777A91B79C8C500077031 /* Sources */,
				1A7777AA1B79C8C500077031 /* Frameworks */,
				1A7777AB1B79C8C500077031 /* Resources */,
			);
			buildRules = (
			);
			dependencies = (
			);
			name = AliPayDemo;
			productName = AliPayDemo;
			productReference = 1A7777AD1B79C8C500077031 /* AliPayDemo.app */;
			productType = "com.apple.product-type.application";
		};
		1A7777C51B79C8C600077031 /* AliPayDemoTests */ = {
			isa = PBXNativeTarget;
			buildConfigurationList = 1A7777D31B79C8C600077031 /* Build configuration list for PBXNativeTarget "AliPayDemoTests" */;
			buildPhases = (
				1A7777C21B79C8C600077031 /* Sources */,
				1A7777C31B79C8C600077031 /* Frameworks */,
				1A7777C41B79C8C600077031 /* Resources */,
			);
			buildRules = (
			);
			dependencies = (
				1A7777C81B79C8C600077031 /* PBXTargetDependency */,
			);
			name = AliPayDemoTests;
			productName = AliPayDemoTests;
			productReference = 1A7777C61B79C8C600077031 /* AliPayDemoTests.xctest */;
			productType = "com.apple.product-type.bundle.unit-test";
		};
/* End PBXNativeTarget section */

/* Begin PBXProject section */
		1A7777A51B79C8C500077031 /* Project object */ = {
			isa = PBXProject;
			attributes = {
				LastUpgradeCheck = 0640;
				ORGANIZATIONNAME = "James Hsu";
				TargetAttributes = {
					1A7777AC1B79C8C500077031 = {
						CreatedOnToolsVersion = 6.4;
						DevelopmentTeam = Y9WDSNUVG5;
					};
					1A7777C51B79C8C600077031 = {
						CreatedOnToolsVersion = 6.4;
						TestTargetID = 1A7777AC1B79C8C500077031;
					};
				};
			};
			buildConfigurationList = 1A7777A81B79C8C500077031 /* Build configuration list for PBXProject "AliPayDemo" */;
			compatibilityVersion = "Xcode 3.2";
			developmentRegion = English;
			hasScannedForEncodings = 0;
			knownRegions = (
				en,
				Base,
			);
			mainGroup = 1A7777A41B79C8C500077031;
			productRefGroup = 1A7777AE1B79C8C500077031 /* Products */;
			projectDirPath = "";
			projectRoot = "";
			targets = (
				1A7777AC1B79C8C500077031 /* AliPayDemo */,
				1A7777C51B79C8C600077031 /* AliPayDemoTests */,
			);
		};
/* End PBXProject section */

/* Begin PBXResourcesBuildPhase section */
		1A7777AB1B79C8C500077031 /* Resources */ = {
			isa = PBXResourcesBuildPhase;
			buildActionMask = 2147483647;
			files = (
				1A7777D91B79C90E00077031 /* AlipaySDK.bundle in Resources */,
				1AC21D611B7DE5A800A7C0D5 /* LaunchScreen.xib in Resources */,
				1A7777BE1B79C8C600077031 /* Images.xcassets in Resources */,
			);
			runOnlyForDeploymentPostprocessing = 0;
		};
		1A7777C41B79C8C600077031 /* Resources */ = {
			isa = PBXResourcesBuildPhase;
			buildActionMask = 2147483647;
			files = (
			);
			runOnlyForDeploymentPostprocessing = 0;
		};
/* End PBXResourcesBuildPhase section */

/* Begin PBXSourcesBuildPhase section */
		1A7777A91B79C8C500077031 /* Sources */ = {
			isa = PBXSourcesBuildPhase;
			buildActionMask = 2147483647;
			files = (
				1A7777F21B79CC6000077031 /* ViewController.m in Sources */,
				1AB1AB8A1E3DB3C800E786D7 /* DataBaseHelp.m in Sources */,
				1A77780A1B79CE7100077031 /* AFNetworkReachabilityManager.m in Sources */,
				1AB1AB841E3DA86C00E786D7 /* BaseData.m in Sources */,
				1A77780E1B79CE7100077031 /* AFURLResponseSerialization.m in Sources */,
				1AB1AB7D1E3DA79E00E786D7 /* FMDatabase.m in Sources */,
				1A77780B1B79CE7100077031 /* AFSecurityPolicy.m in Sources */,
				1AB1AB811E3DA79E00E786D7 /* FMResultSet.m in Sources */,
				1A7778091B79CE7100077031 /* AFHTTPSessionManager.m in Sources */,
				1A77780D1B79CE7100077031 /* AFURLRequestSerialization.m in Sources */,
				1AB1AB7E1E3DA79E00E786D7 /* FMDatabaseAdditions.m in Sources */,
				1A208B781E3781FD00B5DFEF /* HttpManager.m in Sources */,
				1A208B7D1E37831500B5DFEF /* NSDictionary+Additions.m in Sources */,
				1A208B791E3781FD00B5DFEF /* MessageManager.m in Sources */,
				1A77780F1B79CE7100077031 /* AFURLSessionManager.m in Sources */,
				1A208B801E37866000B5DFEF /* BaseModel.m in Sources */,
				1A7777B61B79C8C500077031 /* AppDelegate.m in Sources */,
				1A7777B31B79C8C500077031 /* main.m in Sources */,
				1A208B771E3781FD00B5DFEF /* Model.m in Sources */,
				1AB1AB7F1E3DA79E00E786D7 /* FMDatabasePool.m in Sources */,
				1AB1AB801E3DA79E00E786D7 /* FMDatabaseQueue.m in Sources */,
			);
			runOnlyForDeploymentPostprocessing = 0;
		};
		1A7777C21B79C8C600077031 /* Sources */ = {
			isa = PBXSourcesBuildPhase;
			buildActionMask = 2147483647;
			files = (
				1A7777CD1B79C8C600077031 /* AliPayDemoTests.m in Sources */,
			);
			runOnlyForDeploymentPostprocessing = 0;
		};
/* End PBXSourcesBuildPhase section */

/* Begin PBXTargetDependency section */
		1A7777C81B79C8C600077031 /* PBXTargetDependency */ = {
			isa = PBXTargetDependency;
			target = 1A7777AC1B79C8C500077031 /* AliPayDemo */;
			targetProxy = 1A7777C71B79C8C600077031 /* PBXContainerItemProxy */;
		};
/* End PBXTargetDependency section */

/* Begin XCBuildConfiguration section */
		1A7777CE1B79C8C600077031 /* Debug */ = {
			isa = XCBuildConfiguration;
			buildSettings = {
				ALWAYS_SEARCH_USER_PATHS = NO;
				CLANG_CXX_LANGUAGE_STANDARD = "gnu++0x";
				CLANG_CXX_LIBRARY = "libc++";
				CLANG_ENABLE_MODULES = YES;
				CLANG_ENABLE_OBJC_ARC = YES;
				CLANG_WARN_BOOL_CONVERSION = YES;
				CLANG_WARN_CONSTANT_CONVERSION = YES;
				CLANG_WARN_DIRECT_OBJC_ISA_USAGE = YES_ERROR;
				CLANG_WARN_EMPTY_BODY = YES;
				CLANG_WARN_ENUM_CONVERSION = YES;
				CLANG_WARN_INT_CONVERSION = YES;
				CLANG_WARN_OBJC_ROOT_CLASS = YES_ERROR;
				CLANG_WARN_UNREACHABLE_CODE = YES;
				CLANG_WARN__DUPLICATE_METHOD_MATCH = YES;
				"CODE_SIGN_IDENTITY[sdk=iphoneos*]" = "iPhone Developer";
				COPY_PHASE_STRIP = NO;
				DEBUG_INFORMATION_FORMAT = "dwarf-with-dsym";
				ENABLE_STRICT_OBJC_MSGSEND = YES;
				GCC_C_LANGUAGE_STANDARD = gnu99;
				GCC_DYNAMIC_NO_PIC = NO;
				GCC_NO_COMMON_BLOCKS = YES;
				GCC_OPTIMIZATION_LEVEL = 0;
				GCC_PREPROCESSOR_DEFINITIONS = (
					"DEBUG=1",
					"$(inherited)",
				);
				GCC_SYMBOLS_PRIVATE_EXTERN = NO;
				GCC_WARN_64_TO_32_BIT_CONVERSION = YES;
				GCC_WARN_ABOUT_RETURN_TYPE = YES_ERROR;
				GCC_WARN_UNDECLARED_SELECTOR = YES;
				GCC_WARN_UNINITIALIZED_AUTOS = YES_AGGRESSIVE;
				GCC_WARN_UNUSED_FUNCTION = YES;
				GCC_WARN_UNUSED_VARIABLE = YES;
				IPHONEOS_DEPLOYMENT_TARGET = 8.4;
				MTL_ENABLE_DEBUG_INFO = YES;
				ONLY_ACTIVE_ARCH = YES;
				SDKROOT = iphoneos;
			};
			name = Debug;
		};
		1A7777CF1B79C8C600077031 /* Release */ = {
			isa = XCBuildConfiguration;
			buildSettings = {
				ALWAYS_SEARCH_USER_PATHS = NO;
				CLANG_CXX_LANGUAGE_STANDARD = "gnu++0x";
				CLANG_CXX_LIBRARY = "libc++";
				CLANG_ENABLE_MODULES = YES;
				CLANG_ENABLE_OBJC_ARC = YES;
				CLANG_WARN_BOOL_CONVERSION = YES;
				CLANG_WARN_CONSTANT_CONVERSION = YES;
				CLANG_WARN_DIRECT_OBJC_ISA_USAGE = YES_ERROR;
				CLANG_WARN_EMPTY_BODY = YES;
				CLANG_WARN_ENUM_CONVERSION = YES;
				CLANG_WARN_INT_CONVERSION = YES;
				CLANG_WARN_OBJC_ROOT_CLASS = YES_ERROR;
				CLANG_WARN_UNREACHABLE_CODE = YES;
				CLANG_WARN__DUPLICATE_METHOD_MATCH = YES;
				"CODE_SIGN_IDENTITY[sdk=iphoneos*]" = "iPhone Developer";
				COPY_PHASE_STRIP = NO;
				DEBUG_INFORMATION_FORMAT = "dwarf-with-dsym";
				ENABLE_NS_ASSERTIONS = NO;
				ENABLE_STRICT_OBJC_MSGSEND = YES;
				GCC_C_LANGUAGE_STANDARD = gnu99;
				GCC_NO_COMMON_BLOCKS = YES;
				GCC_WARN_64_TO_32_BIT_CONVERSION = YES;
				GCC_WARN_ABOUT_RETURN_TYPE = YES_ERROR;
				GCC_WARN_UNDECLARED_SELECTOR = YES;
				GCC_WARN_UNINITIALIZED_AUTOS = YES_AGGRESSIVE;
				GCC_WARN_UNUSED_FUNCTION = YES;
				GCC_WARN_UNUSED_VARIABLE = YES;
				IPHONEOS_DEPLOYMENT_TARGET = 8.4;
				MTL_ENABLE_DEBUG_INFO = NO;
				SDKROOT = iphoneos;
				VALIDATE_PRODUCT = YES;
			};
			name = Release;
		};
		1A7777D11B79C8C600077031 /* Debug */ = {
			isa = XCBuildConfiguration;
			buildSettings = {
				ASSETCATALOG_COMPILER_APPICON_NAME = AppIcon;
				ASSETCATALOG_COMPILER_LAUNCHIMAGE_NAME = LaunchImage;
				CODE_SIGN_IDENTITY = "iPhone Developer: Heng Chen (U7TKZ3ZXPZ)";
				"CODE_SIGN_IDENTITY[sdk=iphoneos*]" = "iPhone Developer";
				ENABLE_BITCODE = NO;
				FRAMEWORK_SEARCH_PATHS = (
					"$(inherited)",
					"$(PROJECT_DIR)/AliPayDemo",
				);
				GCC_PRECOMPILE_PREFIX_HEADER = YES;
				GCC_PREFIX_HEADER = "$(SRCROOT)/AliPayDemo/AliPayDemo.pch";
				HEADER_SEARCH_PATHS = (
					"$(inherited)",
					/Applications/Xcode.app/Contents/Developer/Toolchains/XcodeDefault.xctoolchain/usr/include,
					"$(SRCROOT)/AliPayDemo",
				);
				INFOPLIST_FILE = AliPayDemo/Info.plist;
				IPHONEOS_DEPLOYMENT_TARGET = 7.1;
				LD_RUNPATH_SEARCH_PATHS = "$(inherited) @executable_path/Frameworks";
				LIBRARY_SEARCH_PATHS = (
					"$(inherited)",
					"$(PROJECT_DIR)/AliPayDemo",
				);
				ONLY_ACTIVE_ARCH = YES;
				PRODUCT_NAME = "$(TARGET_NAME)";
				PROVISIONING_PROFILE = "";
			};
			name = Debug;
		};
		1A7777D21B79C8C600077031 /* Release */ = {
			isa = XCBuildConfiguration;
			buildSettings = {
				ASSETCATALOG_COMPILER_APPICON_NAME = AppIcon;
				ASSETCATALOG_COMPILER_LAUNCHIMAGE_NAME = LaunchImage;
				CODE_SIGN_IDENTITY = "iPhone Developer: Heng Chen (U7TKZ3ZXPZ)";
				"CODE_SIGN_IDENTITY[sdk=iphoneos*]" = "iPhone Developer";
				ENABLE_BITCODE = NO;
				FRAMEWORK_SEARCH_PATHS = (
					"$(inherited)",
					"$(PROJECT_DIR)/AliPayDemo",
				);
				GCC_PRECOMPILE_PREFIX_HEADER = YES;
				GCC_PREFIX_HEADER = "$(SRCROOT)/AliPayDemo/AliPayDemo.pch";
				HEADER_SEARCH_PATHS = (
					"$(inherited)",
					/Applications/Xcode.app/Contents/Developer/Toolchains/XcodeDefault.xctoolchain/usr/include,
					"$(SRCROOT)/AliPayDemo",
				);
				INFOPLIST_FILE = AliPayDemo/Info.plist;
				IPHONEOS_DEPLOYMENT_TARGET = 7.1;
				LD_RUNPATH_SEARCH_PATHS = "$(inherited) @executable_path/Frameworks";
				LIBRARY_SEARCH_PATHS = (
					"$(inherited)",
					"$(PROJECT_DIR)/AliPayDemo",
				);
				ONLY_ACTIVE_ARCH = NO;
				PRODUCT_NAME = "$(TARGET_NAME)";
				PROVISIONING_PROFILE = "";
			};
			name = Release;
		};
		1A7777D41B79C8C600077031 /* Debug */ = {
			isa = XCBuildConfiguration;
			buildSettings = {
				BUNDLE_LOADER = "$(TEST_HOST)";
				FRAMEWORK_SEARCH_PATHS = (
					"$(SDKROOT)/Developer/Library/Frameworks",
					"$(inherited)",
				);
				GCC_PREPROCESSOR_DEFINITIONS = (
					"DEBUG=1",
					"$(inherited)",
				);
				INFOPLIST_FILE = AliPayDemoTests/Info.plist;
				LD_RUNPATH_SEARCH_PATHS = "$(inherited) @executable_path/Frameworks @loader_path/Frameworks";
				PRODUCT_NAME = "$(TARGET_NAME)";
				TEST_HOST = "$(BUILT_PRODUCTS_DIR)/AliPayDemo.app/AliPayDemo";
			};
			name = Debug;
		};
		1A7777D51B79C8C600077031 /* Release */ = {
			isa = XCBuildConfiguration;
			buildSettings = {
				BUNDLE_LOADER = "$(TEST_HOST)";
				FRAMEWORK_SEARCH_PATHS = (
					"$(SDKROOT)/Developer/Library/Frameworks",
					"$(inherited)",
				);
				INFOPLIST_FILE = AliPayDemoTests/Info.plist;
				LD_RUNPATH_SEARCH_PATHS = "$(inherited) @executable_path/Frameworks @loader_path/Frameworks";
				PRODUCT_NAME = "$(TARGET_NAME)";
				TEST_HOST = "$(BUILT_PRODUCTS_DIR)/AliPayDemo.app/AliPayDemo";
			};
			name = Release;
		};
/* End XCBuildConfiguration section */

/* Begin XCConfigurationList section */
		1A7777A81B79C8C500077031 /* Build configuration list for PBXProject "AliPayDemo" */ = {
			isa = XCConfigurationList;
			buildConfigurations = (
				1A7777CE1B79C8C600077031 /* Debug */,
				1A7777CF1B79C8C600077031 /* Release */,
			);
			defaultConfigurationIsVisible = 0;
			defaultConfigurationName = Release;
		};
		1A7777D01B79C8C600077031 /* Build configuration list for PBXNativeTarget "AliPayDemo" */ = {
			isa = XCConfigurationList;
			buildConfigurations = (
				1A7777D11B79C8C600077031 /* Debug */,
				1A7777D21B79C8C600077031 /* Release */,
			);
			defaultConfigurationIsVisible = 0;
			defaultConfigurationName = Release;
		};
		1A7777D31B79C8C600077031 /* Build configuration list for PBXNativeTarget "AliPayDemoTests" */ = {
			isa = XCConfigurationList;
			buildConfigurations = (
				1A7777D41B79C8C600077031 /* Debug */,
				1A7777D51B79C8C600077031 /* Release */,
			);
			defaultConfigurationIsVisible = 0;
			defaultConfigurationName = Release;
		};
/* End XCConfigurationList section */
	};
	rootObject = 1A7777A51B79C8C500077031 /* Project object */;
}
